{
  "version": 4,
  "terraform_version": "1.5.4",
  "serial": 2,
  "lineage": "d564c8ad-3810-5b37-4eeb-39dc13a12a36",
  "outputs": {
    "password": {
      "value": [
        "Ha.OOS5XIlwZGoyl(\u0026$HU0OGtJNw.Xd8"
      ],
      "type": [
        "tuple",
        [
          "string"
        ]
      ]
    },
    "public_ipv4_address": {
      "value": [
        "3.92.19.127"
      ],
      "type": [
        "tuple",
        [
          "string"
        ]
      ]
    }
  },
  "resources": [
    {
      "mode": "managed",
      "type": "aws_instance",
      "name": "automation_win_vm",
      "provider": "provider[\"registry.terraform.io/hashicorp/aws\"]",
      "instances": [
        {
          "index_key": 0,
          "schema_version": 1,
          "attributes": {
            "ami": "ami-0fc682b2a42e57ca2",
            "arn": "arn:aws:ec2:us-east-1:127659935803:instance/i-018ef41f77d73298f",
            "associate_public_ip_address": true,
            "availability_zone": "us-east-1a",
            "capacity_reservation_specification": [
              {
                "capacity_reservation_preference": "open",
                "capacity_reservation_target": []
              }
            ],
            "cpu_core_count": 1,
            "cpu_options": [
              {
                "amd_sev_snp": "",
                "core_count": 1,
                "threads_per_core": 1
              }
            ],
            "cpu_threads_per_core": 1,
            "credit_specification": [
              {
                "cpu_credits": "standard"
              }
            ],
            "disable_api_stop": false,
            "disable_api_termination": false,
            "ebs_block_device": [],
            "ebs_optimized": false,
            "enclave_options": [
              {
                "enabled": false
              }
            ],
            "ephemeral_block_device": [],
            "get_password_data": true,
            "hibernation": false,
            "host_id": "",
            "host_resource_group_arn": null,
            "iam_instance_profile": "",
            "id": "i-018ef41f77d73298f",
            "instance_initiated_shutdown_behavior": "stop",
            "instance_lifecycle": "",
            "instance_market_options": [],
            "instance_state": "running",
            "instance_type": "t2.micro",
            "ipv6_address_count": 0,
            "ipv6_addresses": [],
            "key_name": "automation_vm_key",
            "launch_template": [],
            "maintenance_options": [
              {
                "auto_recovery": "default"
              }
            ],
            "metadata_options": [
              {
                "http_endpoint": "enabled",
                "http_put_response_hop_limit": 1,
                "http_tokens": "optional",
                "instance_metadata_tags": "disabled"
              }
            ],
            "monitoring": false,
            "network_interface": [],
            "outpost_arn": "",
            "password_data": "EUWoze79nxLuAUxLWcWYcofEckUSAOAQSsrmvtWBCjdHz8KsdoinJXXSV1dZ7zx6npR6quMbLiIegg0rtgrjtaKkcqrz6XaSmVwlE0BysHgGUjkuzZ5ffJOu7ECJlZeWawTZdlWBWKIY5tKmQD2ZkwBzv5nXeIzTKatqmUJFvW+Fy/VVQboV2MAhIuHrb1Wsve5ff689GIlI2PLQypAvBeJ+IGC9JiLL78KFnPTTL+hj3lzsdUl0lw0ik9LS9Cm55RDJGASD1luz/tRe2JtnV5M9VdUYykGafUVt9wSqgBn4XRSkG2q1UY+kHXcxhBET/S584su5jTZUmZTUPY3d5w==",
            "placement_group": "",
            "placement_partition_number": 0,
            "primary_network_interface_id": "eni-04b85f7cac80c66c2",
            "private_dns": "ip-172-31-14-68.ec2.internal",
            "private_dns_name_options": [
              {
                "enable_resource_name_dns_a_record": false,
                "enable_resource_name_dns_aaaa_record": false,
                "hostname_type": "ip-name"
              }
            ],
            "private_ip": "172.31.14.68",
            "public_dns": "ec2-3-92-19-127.compute-1.amazonaws.com",
            "public_ip": "3.92.19.127",
            "root_block_device": [
              {
                "delete_on_termination": true,
                "device_name": "/dev/sda1",
                "encrypted": false,
                "iops": 100,
                "kms_key_id": "",
                "tags": {},
                "throughput": 0,
                "volume_id": "vol-0c12380864c787ef8",
                "volume_size": 30,
                "volume_type": "gp2"
              }
            ],
            "secondary_private_ips": [],
            "security_groups": [
              "windows_winrm"
            ],
            "source_dest_check": true,
            "spot_instance_request_id": "",
            "subnet_id": "subnet-0b108097e0b19995b",
            "tags": {
              "Name": "AutomationInstance"
            },
            "tags_all": {
              "Name": "AutomationInstance"
            },
            "tenancy": "default",
            "timeouts": null,
            "user_data": "54362f45da588d4ea54431fccc34cfecdf3cf0f3",
            "user_data_base64": null,
            "user_data_replace_on_change": false,
            "volume_tags": null,
            "vpc_security_group_ids": [
              "sg-062400d2c5c023712"
            ]
          },
          "sensitive_attributes": [],
          "private": "eyJlMmJmYjczMC1lY2FhLTExZTYtOGY4OC0zNDM2M2JjN2M0YzAiOnsiY3JlYXRlIjo2MDAwMDAwMDAwMDAsImRlbGV0ZSI6MTIwMDAwMDAwMDAwMCwidXBkYXRlIjo2MDAwMDAwMDAwMDB9LCJzY2hlbWFfdmVyc2lvbiI6IjEifQ=="
        }
      ]
    }
  ],
  "check_results": null
}
